
Microsoft Visual Studio Solution File, Format Version 12.00
# Visual Studio Version 17
VisualStudioVersion = 17.14.36705.20 d17.14
MinimumVisualStudioVersion = 10.0.40219.1
Project("{8BC9CEB8-8B4A-11D0-8D11-00A0C91BC942}") = "ConsoleApplication6", "ConsoleApplication6.vcxproj", "{5D1EC225-DD89-40F2-8B97-D1A7976D02C0}"
EndProject
Global
	GlobalSection(SolutionConfigurationPlatforms) = preSolution
		Debug|x64 = Debug|x64
		Debug|x86 = Debug|x86
		Release|x64 = Release|x64
		Release|x86 = Release|x86
	EndGlobalSection
	GlobalSection(ProjectConfigurationPlatforms) = postSolution
		{5D1EC225-DD89-40F2-8B97-D1A7976D02C0}.Debug|x64.ActiveCfg = Debug|x64
		{5D1EC225-DD89-40F2-8B97-D1A7976D02C0}.Debug|x64.Build.0 = Debug|x64
		{5D1EC225-DD89-40F2-8B97-D1A7976D02C0}.Debug|x86.ActiveCfg = Debug|Win32
		{5D1EC225-DD89-40F2-8B97-D1A7976D02C0}.Debug|x86.Build.0 = Debug|Win32
		{5D1EC225-DD89-40F2-8B97-D1A7976D02C0}.Release|x64.ActiveCfg = Release|x64
		{5D1EC225-DD89-40F2-8B97-D1A7976D02C0}.Release|x64.Build.0 = Release|x64
		{5D1EC225-DD89-40F2-8B97-D1A7976D02C0}.Release|x86.ActiveCfg = Release|Win32
		{5D1EC225-DD89-40F2-8B97-D1A7976D02C0}.Release|x86.Build.0 = Release|Win32
	EndGlobalSection
	GlobalSection(SolutionProperties) = preSolution
		HideSolutionNode = FALSE
	EndGlobalSection
	GlobalSection(ExtensibilityGlobals) = postSolution
		SolutionGuid = {ED63ABBE-F622-4453-8676-74253AB5EE91}
	EndGlobalSection
EndGlobal
